<?xml version="1.0" encoding="utf-8"?>
<Project ToolsVersion="4.0" xmlns="http://schemas.microsoft.com/developer/msbuild/2003">
  <ItemGroup>
    <ClCompile Include="Tutorial 2.cpp" />
  </ItemGroup>
  <ItemGroup>
    <Filter Include="kernels">
      <UniqueIdentifier>{bddc8ef0-f6c2-4509-accd-01b89c7b41b1}</UniqueIdentifier>
    </Filter>
    <Filter Include="include">
      <UniqueIdentifier>{533d906d-5db8-4839-8b76-d22542cb0f52}</UniqueIdentifier>
    </Filter>
  </ItemGroup>
  <ItemGroup>
    <None Include="kernels\my_kernels.cl">
      <Filter>kernels</Filter>
    </None>
  </ItemGroup>
  <ItemGroup>
    <ClInclude Include="..\include\Utils.h">
      <Filter>include</Filter>
    </ClInclude>
    <ClInclude Include="..\include\CImg.h">
      <Filter>include</Filter>
    </ClInclude>
  </ItemGroup>
</Project>