<?xml version="1.0" encoding="utf-8"?>
<Project ToolsVersion="4.0" xmlns="http://schemas.microsoft.com/developer/msbuild/2003">
  <ItemGroup>
    <Filter Include="Header Files">
      <UniqueIdentifier>{a23147d1-6c24-4aef-8147-de58c9cd3bd2}</UniqueIdentifier>
    </Filter>
    <Filter Include="OpenCL Files">
      <UniqueIdentifier>{f57b4eeb-83dd-4c24-8e79-63d68735b8ec}</UniqueIdentifier>
    </Filter>
    <Filter Include="Source Files">
      <UniqueIdentifier>{d36b5a9a-e9e9-489b-8353-9b971d9a0893}</UniqueIdentifier>
    </Filter>
  </ItemGroup>
  <ItemGroup>
    <ClInclude Include="Utils.h">
      <Filter>Header Files</Filter>
    </ClInclude>
  </ItemGroup>
  <ItemGroup>
    <None Include="my_kernels_1.cl">
      <Filter>OpenCL Files</Filter>
    </None>
  </ItemGroup>
  <ItemGroup>
    <ClCompile Include="Tutorial 1.cpp">
      <Filter>Source Files</Filter>
    </ClCompile>
  </ItemGroup>
</Project>