<?xml version="1.0" encoding="utf-8"?>
<Project ToolsVersion="4.0" xmlns="http://schemas.microsoft.com/developer/msbuild/2003">
  <ItemGroup>
    <ClCompile Include="Tutorial 1.cpp" />
  </ItemGroup>
  <ItemGroup>
    <Filter Include="kernels">
      <UniqueIdentifier>{11e52fc2-3f25-4b94-920c-911c1673bf6c}</UniqueIdentifier>
    </Filter>
    <Filter Include="include">
      <UniqueIdentifier>{5586229f-c9c4-4574-89bd-30ba09061ac6}</UniqueIdentifier>
    </Filter>
  </ItemGroup>
  <ItemGroup>
    <None Include="kernels\my_kernels.cl">
      <Filter>kernels</Filter>
    </None>
  </ItemGroup>
  <ItemGroup>
    <ClInclude Include="..\include\Utils.h">
      <Filter>include</Filter>
    </ClInclude>
  </ItemGroup>
</Project>